
Microsoft Visual Studio Solution File, Format Version 12.00
# Visual Studio Version 16
VisualStudioVersion = 16.0.30517.126
MinimumVisualStudioVersion = 10.0.40219.1
Project("{FAE04EC0-301F-11D3-BF4B-00C04F79EFBC}") = "RestaurantRater", "RestaurantRater\RestaurantRater.csproj", "{4923F87B-D55C-4822-B69D-CA5B5B09F5B8}"
EndProject
Global
	GlobalSection(SolutionConfigurationPlatforms) = preSolution
		Debug|Any CPU = Debug|Any CPU
		Release|Any CPU = Release|Any CPU
	EndGlobalSection
	GlobalSection(ProjectConfigurationPlatforms) = postSolution
		{4923F87B-D55C-4822-B69D-CA5B5B09F5B8}.Debug|Any CPU.ActiveCfg = Debug|Any CPU
		{4923F87B-D55C-4822-B69D-CA5B5B09F5B8}.Debug|Any CPU.Build.0 = Debug|Any CPU
		{4923F87B-D55C-4822-B69D-CA5B5B09F5B8}.Release|Any CPU.ActiveCfg = Release|Any CPU
		{4923F87B-D55C-4822-B69D-CA5B5B09F5B8}.Release|Any CPU.Build.0 = Release|Any CPU
	EndGlobalSection
	GlobalSection(SolutionProperties) = preSolution
		HideSolutionNode = FALSE
	EndGlobalSection
	GlobalSection(ExtensibilityGlobals) = postSolution
		SolutionGuid = {49D274BA-67CD-4BE8-B0EF-628808A7DF89}
	EndGlobalSection
EndGlobal
